
Microsoft Visual Studio Solution File, Format Version 12.00
# Visual Studio Version 17
VisualStudioVersion = 17.7.34031.279
MinimumVisualStudioVersion = 10.0.40219.1
Project("{FAE04EC0-301F-11D3-BF4B-00C04F79EFBC}") = "Project-Biovocoder", "Project-Biovocoder.csproj", "{F7F41C1D-38B1-4FC5-89B4-C4F3A863199D}"
EndProject
Global
	GlobalSection(SolutionConfigurationPlatforms) = preSolution
		Debug|Any CPU = Debug|Any CPU
		Release|Any CPU = Release|Any CPU
	EndGlobalSection
	GlobalSection(ProjectConfigurationPlatforms) = postSolution
		{F7F41C1D-38B1-4FC5-89B4-C4F3A863199D}.Debug|Any CPU.ActiveCfg = Debug|Any CPU
		{F7F41C1D-38B1-4FC5-89B4-C4F3A863199D}.Debug|Any CPU.Build.0 = Debug|Any CPU
		{F7F41C1D-38B1-4FC5-89B4-C4F3A863199D}.Release|Any CPU.ActiveCfg = Release|Any CPU
		{F7F41C1D-38B1-4FC5-89B4-C4F3A863199D}.Release|Any CPU.Build.0 = Release|Any CPU
	EndGlobalSection
	GlobalSection(SolutionProperties) = preSolution
		HideSolutionNode = FALSE
	EndGlobalSection
	GlobalSection(ExtensibilityGlobals) = postSolution
		SolutionGuid = {3B42DADC-1752-405A-94EB-DDD799F444C6}
	EndGlobalSection
EndGlobal
